// !$*UTF8*$!
{
	archiveVersion = 1;
	classes = {
	};
	objectVersion = 46;
	objects = {

/* Begin PBXBuildFile section */
		8B340A2C1E3CFCC900F9EFDB /* main.m in Sources */ = {isa = PBXBuildFile; fileRef = 8B340A2B1E3CFCC900F9EFDB /* main.m */; };
		8B340A2F1E3CFCC900F9EFDB /* AppDelegate.m in Sources */ = {isa = PBXBuildFile; fileRef = 8B340A2E1E3CFCC900F9EFDB /* AppDelegate.m */; };
		8B340A321E3CFCC900F9EFDB /* ViewController.m in Sources */ = {isa = PBXBuildFile; fileRef = 8B340A311E3CFCC900F9EFDB /* ViewController.m */; };
		8B340A351E3CFCC900F9EFDB /* Main.storyboard in Resources */ = {isa = PBXBuildFile; fileRef = 8B340A331E3CFCC900F9EFDB /* Main.storyboard */; };
		8B340A371E3CFCC900F9EFDB /* Assets.xcassets in Resources */ = {isa = PBXBuildFile; fileRef = 8B340A361E3CFCC900F9EFDB /* Assets.xcassets */; };
		8B340A3A1E3CFCC900F9EFDB /* LaunchScreen.storyboard in Resources */ = {isa = PBXBuildFile; fileRef = 8B340A381E3CFCC900F9EFDB /* LaunchScreen.storyboard */; };
/* End PBXBuildFile section */

/* Begin PBXFileReference section */
		8B340A271E3CFCC800F9EFDB /* PageViewMailSource.app */ = {isa = PBXFileReference; explicitFileType = wrapper.application; includeInIndex = 0; path = PageViewMailSource.app; sourceTree = BUILT_PRODUCTS_DIR; };
		8B340A2B1E3CFCC900F9EFDB /* main.m */ = {isa = PBXFileReference; lastKnownFileType = sourcecode.c.objc; path = main.m; sourceTree = "<group>"; };
		8B340A2D1E3CFCC900F9EFDB /* AppDelegate.h */ = {isa = PBXFileReference; lastKnownFileType = sourcecode.c.h; path = AppDelegate.h; sourceTree = "<group>"; };
		8B340A2E1E3CFCC900F9EFDB /* AppDelegate.m */ = {isa = PBXFileReference; lastKnownFileType = sourcecode.c.objc; path = AppDelegate.m; sourceTree = "<group>"; };
		8B340A301E3CFCC900F9EFDB /* ViewController.h */ = {isa = PBXFileReference; lastKnownFileType = sourcecode.c.h; path = ViewController.h; sourceTree = "<group>"; };
		8B340A311E3CFCC900F9EFDB /* ViewController.m */ = {isa = PBXFileReference; lastKnownFileType = sourcecode.c.objc; path = ViewController.m; sourceTree = "<group>"; };
		8B340A341E3CFCC900F9EFDB /* Base */ = {isa = PBXFileReference; lastKnownFileType = file.storyboard; name = Base; path = Base.lproj/Main.storyboard; sourceTree = "<group>"; };
		8B340A361E3CFCC900F9EFDB /* Assets.xcassets */ = {isa = PBXFileReference; lastKnownFileType = folder.assetcatalog; path = Assets.xcassets; sourceTree = "<group>"; };
		8B340A391E3CFCC900F9EFDB /* Base */ = {isa = PBXFileReference; lastKnownFileType = file.storyboard; name = Base; path = Base.lproj/LaunchScreen.storyboard; sourceTree = "<group>"; };
		8B340A3B1E3CFCC900F9EFDB /* Info.plist */ = {isa = PBXFileReference; lastKnownFileType = text.plist.xml; path = Info.plist; sourceTree = "<group>"; };
/* End PBXFileReference section */

/* Begin PBXFrameworksBuildPhase section */
		8B340A241E3CFCC800F9EFDB /* Frameworks */ = {
			isa = PBXFrameworksBuildPhase;
			buildActionMask = 2147483647;
			files = (
			);
			runOnlyForDeploymentPostprocessing = 0;
		};
/* End PBXFrameworksBuildPhase section */

/* Begin PBXGroup section */
		8B340A1E1E3CFCC800F9EFDB = {
			isa = PBXGroup;
			children = (
				8B340A291E3CFCC900F9EFDB /* PageViewMailSource */,
				8B340A281E3CFCC800F9EFDB /* Products */,
			);
			sourceTree = "<group>";
		};
		8B340A281E3CFCC800F9EFDB /* Products */ = {
			isa = PBXGroup;
			children = (
				8B340A271E3CFCC800F9EFDB /* PageViewMailSource.app */,
			);
			name = Products;
			sourceTree = "<group>";
		};
		8B340A291E3CFCC900F9EFDB /* PageViewMailSource */ = {
			isa = PBXGroup;
			children = (
				8B340A2D1E3CFCC900F9EFDB /* AppDelegate.h */,
				8B340A2E1E3CFCC900F9EFDB /* AppDelegate.m */,
				8B340A301E3CFCC900F9EFDB /* ViewController.h */,
				8B340A311E3CFCC900F9EFDB /* ViewController.m */,
				8B340A331E3CFCC900F9EFDB /* Main.storyboard */,
				8B340A361E3CFCC900F9EFDB /* Assets.xcassets */,
				8B340A381E3CFCC900F9EFDB /* LaunchScreen.storyboard */,
				8B340A3B1E3CFCC900F9EFDB /* Info.plist */,
				8B340A2A1E3CFCC900F9EFDB /* Supporting Files */,
			);
			path = PageViewMailSource;
			sourceTree = "<group>";
		};
		8B340A2A1E3CFCC900F9EFDB /* Supporting Files */ = {
			isa = PBXGroup;
			children = (
				8B340A2B1E3CFCC900F9EFDB /* main.m */,
			);
			name = "Supporting Files";
			sourceTree = "<group>";
		};
/* End PBXGroup section */

/* Begin PBXNativeTarget section */
		8B340A261E3CFCC800F9EFDB /* PageViewMailSource */ = {
			isa = PBXNativeTarget;
			buildConfigurationList = 8B340A3E1E3CFCC900F9EFDB /* Build configuration list for PBXNativeTarget "PageViewMailSource" */;
			buildPhases = (
				8B340A231E3CFCC800F9EFDB /* Sources */,
				8B340A241E3CFCC800F9EFDB /* Frameworks */,
				8B340A251E3CFCC800F9EFDB /* Resources */,
			);
			buildRules = (
			);
			dependencies = (
			);
			name = PageViewMailSource;
			productName = PageViewMailSource;
			productReference = 8B340A271E3CFCC800F9EFDB /* PageViewMailSource.app */;
			productType = "com.apple.product-type.application";
		};
/* End PBXNativeTarget section */

/* Begin PBXProject section */
		8B340A1F1E3CFCC800F9EFDB /* Project object */ = {
			isa = PBXProject;
			attributes = {
				LastUpgradeCheck = 0730;
				ORGANIZATIONNAME = "Asael Virgilio";
				TargetAttributes = {
					8B340A261E3CFCC800F9EFDB = {
						CreatedOnToolsVersion = 7.3.1;
					};
				};
			};
			buildConfigurationList = 8B340A221E3CFCC800F9EFDB /* Build configuration list for PBXProject "PageViewMailSource" */;
			compatibilityVersion = "Xcode 3.2";
			developmentRegion = English;
			hasScannedForEncodings = 0;
			knownRegions = (
				en,
				Base,
			);
			mainGroup = 8B340A1E1E3CFCC800F9EFDB;
			productRefGroup = 8B340A281E3CFCC800F9EFDB /* Products */;
			projectDirPath = "";
			projectRoot = "";
			targets = (
				8B340A261E3CFCC800F9EFDB /* PageViewMailSource */,
			);
		};
/* End PBXProject section */

/* Begin PBXResourcesBuildPhase section */
		8B340A251E3CFCC800F9EFDB /* Resources */ = {
			isa = PBXResourcesBuildPhase;
			buildActionMask = 2147483647;
			files = (
				8B340A3A1E3CFCC900F9EFDB /* LaunchScreen.storyboard in Resources */,
				8B340A371E3CFCC900F9EFDB /* Assets.xcassets in Resources */,
				8B340A351E3CFCC900F9EFDB /* Main.storyboard in Resources */,
			);
			runOnlyForDeploymentPostprocessing = 0;
		};
/* End PBXResourcesBuildPhase section */

/* Begin PBXSourcesBuildPhase section */
		8B340A231E3CFCC800F9EFDB /* Sources */ = {
			isa = PBXSourcesBuildPhase;
			buildActionMask = 2147483647;
			files = (
				8B340A321E3CFCC900F9EFDB /* ViewController.m in Sources */,
				8B340A2F1E3CFCC900F9EFDB /* AppDelegate.m in Sources */,
				8B340A2C1E3CFCC900F9EFDB /* main.m in Sources */,
			);
			runOnlyForDeploymentPostprocessing = 0;
		};
/* End PBXSourcesBuildPhase section */

/* Begin PBXVariantGroup section */
		8B340A331E3CFCC900F9EFDB /* Main.storyboard */ = {
			isa = PBXVariantGroup;
			children = (
				8B340A341E3CFCC900F9EFDB /* Base */,
			);
			name = Main.storyboard;
			sourceTree = "<group>";
		};
		8B340A381E3CFCC900F9EFDB /* LaunchScreen.storyboard */ = {
			isa = PBXVariantGroup;
			children = (
				8B340A391E3CFCC900F9EFDB /* Base */,
			);
			name = LaunchScreen.storyboard;
			sourceTree = "<group>";
		};
/* End PBXVariantGroup section */

/* Begin XCBuildConfiguration section */
		8B340A3C1E3CFCC900F9EFDB /* Debug */ = {
			isa = XCBuildConfiguration;
			buildSettings = {
				ALWAYS_SEARCH_USER_PATHS = NO;
				CLANG_ANALYZER_NONNULL = YES;
				CLANG_CXX_LANGUAGE_STANDARD = "gnu++0x";
				CLANG_CXX_LIBRARY = "libc++";
				CLANG_ENABLE_MODULES = YES;
				CLANG_ENABLE_OBJC_ARC = YES;
				CLANG_WARN_BOOL_CONVERSION = YES;
				CLANG_WARN_CONSTANT_CONVERSION = YES;
				CLANG_WARN_DIRECT_OBJC_ISA_USAGE = YES_ERROR;
				CLANG_WARN_EMPTY_BODY = YES;
				CLANG_WARN_ENUM_CONVERSION = YES;
				CLANG_WARN_INT_CONVERSION = YES;
				CLANG_WARN_OBJC_ROOT_CLASS = YES_ERROR;
				CLANG_WARN_UNREACHABLE_CODE = YES;
				CLANG_WARN__DUPLICATE_METHOD_MATCH = YES;
				"CODE_SIGN_IDENTITY[sdk=iphoneos*]" = "iPhone Developer";
				COPY_PHASE_STRIP = NO;
				DEBUG_INFORMATION_FORMAT = dwarf;
				ENABLE_STRICT_OBJC_MSGSEND = YES;
				ENABLE_TESTABILITY = YES;
				GCC_C_LANGUAGE_STANDARD = gnu99;
				GCC_DYNAMIC_NO_PIC = NO;
				GCC_NO_COMMON_BLOCKS = YES;
				GCC_OPTIMIZATION_LEVEL = 0;
				GCC_PREPROCESSOR_DEFINITIONS = (
					"DEBUG=1",
					"$(inherited)",
				);
				GCC_WARN_64_TO_32_BIT_CONVERSION = YES;
				GCC_WARN_ABOUT_RETURN_TYPE = YES_ERROR;
				GCC_WARN_UNDECLARED_SELECTOR = YES;
				GCC_WARN_UNINITIALIZED_AUTOS = YES_AGGRESSIVE;
				GCC_WARN_UNUSED_FUNCTION = YES;
				GCC_WARN_UNUSED_VARIABLE = YES;
				IPHONEOS_DEPLOYMENT_TARGET = 9.3;
				MTL_ENABLE_DEBUG_INFO = YES;
				ONLY_ACTIVE_ARCH = YES;
				SDKROOT = iphoneos;
				TARGETED_DEVICE_FAMILY = 2;
			};
			name = Debug;
		};
		8B340A3D1E3CFCC900F9EFDB /* Release */ = {
			isa = XCBuildConfiguration;
			buildSettings = {
				ALWAYS_SEARCH_USER_PATHS = NO;
				CLANG_ANALYZER_NONNULL = YES;
				CLANG_CXX_LANGUAGE_STANDARD = "gnu++0x";
				CLANG_CXX_LIBRARY = "libc++";
				CLANG_ENABLE_MODULES = YES;
				CLANG_ENABLE_OBJC_ARC = YES;
				CLANG_WARN_BOOL_CONVERSION = YES;
				CLANG_WARN_CONSTANT_CONVERSION = YES;
				CLANG_WARN_DIRECT_OBJC_ISA_USAGE = YES_ERROR;
				CLANG_WARN_EMPTY_BODY = YES;
				CLANG_WARN_ENUM_CONVERSION = YES;
				CLANG_WARN_INT_CONVERSION = YES;
				CLANG_WARN_OBJC_ROOT_CLASS = YES_ERROR;
				CLANG_WARN_UNREACHABLE_CODE = YES;
				CLANG_WARN__DUPLICATE_METHOD_MATCH = YES;
				"CODE_SIGN_IDENTITY[sdk=iphoneos*]" = "iPhone Developer";
				COPY_PHASE_STRIP = NO;
				DEBUG_INFORMATION_FORMAT = "dwarf-with-dsym";
				ENABLE_NS_ASSERTIONS = NO;
				ENABLE_STRICT_OBJC_MSGSEND = YES;
				GCC_C_LANGUAGE_STANDARD = gnu99;
				GCC_NO_COMMON_BLOCKS = YES;
				GCC_WARN_64_TO_32_BIT_CONVERSION = YES;
				GCC_WARN_ABOUT_RETURN_TYPE = YES_ERROR;
				GCC_WARN_UNDECLARED_SELECTOR = YES;
				GCC_WARN_UNINITIALIZED_AUTOS = YES_AGGRESSIVE;
				GCC_WARN_UNUSED_FUNCTION = YES;
				GCC_WARN_UNUSED_VARIABLE = YES;
				IPHONEOS_DEPLOYMENT_TARGET = 9.3;
				MTL_ENABLE_DEBUG_INFO = NO;
				SDKROOT = iphoneos;
				TARGETED_DEVICE_FAMILY = 2;
				VALIDATE_PRODUCT = YES;
			};
			name = Release;
		};
		8B340A3F1E3CFCC900F9EFDB /* Debug */ = {
			isa = XCBuildConfiguration;
			buildSettings = {
				ASSETCATALOG_COMPILER_APPICON_NAME = AppIcon;
				INFOPLIST_FILE = PageViewMailSource/Info.plist;
				LD_RUNPATH_SEARCH_PATHS = "$(inherited) @executable_path/Frameworks";
				PRODUCT_BUNDLE_IDENTIFIER = com.asaelvirgilio.PageViewMailSource;
				PRODUCT_NAME = "$(TARGET_NAME)";
			};
			name = Debug;
		};
		8B340A401E3CFCC900F9EFDB /* Release */ = {
			isa = XCBuildConfiguration;
			buildSettings = {
				ASSETCATALOG_COMPILER_APPICON_NAME = AppIcon;
				INFOPLIST_FILE = PageViewMailSource/Info.plist;
				LD_RUNPATH_SEARCH_PATHS = "$(inherited) @executable_path/Frameworks";
				PRODUCT_BUNDLE_IDENTIFIER = com.asaelvirgilio.PageViewMailSource;
				PRODUCT_NAME = "$(TARGET_NAME)";
			};
			name = Release;
		};
/* End XCBuildConfiguration section */

/* Begin XCConfigurationList section */
		8B340A221E3CFCC800F9EFDB /* Build configuration list for PBXProject "PageViewMailSource" */ = {
			isa = XCConfigurationList;
			buildConfigurations = (
				8B340A3C1E3CFCC900F9EFDB /* Debug */,
				8B340A3D1E3CFCC900F9EFDB /* Release */,
			);
			defaultConfigurationIsVisible = 0;
			defaultConfigurationName = Release;
		};
		8B340A3E1E3CFCC900F9EFDB /* Build configuration list for PBXNativeTarget "PageViewMailSource" */ = {
			isa = XCConfigurationList;
			buildConfigurations = (
				8B340A3F1E3CFCC900F9EFDB /* Debug */,
				8B340A401E3CFCC900F9EFDB /* Release */,
			);
			defaultConfigurationIsVisible = 0;
		};
/* End XCConfigurationList section */
	};
	rootObject = 8B340A1F1E3CFCC800F9EFDB /* Project object */;
}
